
Microsoft Visual Studio Solution File, Format Version 12.00
Project("{FAE04EC0-301F-11D3-BF4B-00C04F79EFBC}") = "PracaDomowa_9", "PracaDomowa_9\PracaDomowa_9.csproj", "{C96612FC-0BE8-479E-85D4-8D91F5E8F60C}"
EndProject
Global
	GlobalSection(SolutionConfigurationPlatforms) = preSolution
		Debug|Any CPU = Debug|Any CPU
		Release|Any CPU = Release|Any CPU
	EndGlobalSection
	GlobalSection(ProjectConfigurationPlatforms) = postSolution
		{C96612FC-0BE8-479E-85D4-8D91F5E8F60C}.Debug|Any CPU.ActiveCfg = Debug|Any CPU
		{C96612FC-0BE8-479E-85D4-8D91F5E8F60C}.Debug|Any CPU.Build.0 = Debug|Any CPU
		{C96612FC-0BE8-479E-85D4-8D91F5E8F60C}.Release|Any CPU.ActiveCfg = Release|Any CPU
		{C96612FC-0BE8-479E-85D4-8D91F5E8F60C}.Release|Any CPU.Build.0 = Release|Any CPU
	EndGlobalSection
EndGlobal
